// !$*UTF8*$!
{
	archiveVersion = 1;
	classes = {
	};
	objectVersion = 55;
	objects = {

/* Begin PBXBuildFile section */
		8FD39A9D27A22C8200B29149 /* SetEngine.swift in Sources */ = {isa = PBXBuildFile; fileRef = 8FD39A9C27A22C8200B29149 /* SetEngine.swift */; };
		8FD44DEB27A17EC200C900DC /* AppDelegate.swift in Sources */ = {isa = PBXBuildFile; fileRef = 8FD44DEA27A17EC200C900DC /* AppDelegate.swift */; };
		8FD44DED27A17EC200C900DC /* SceneDelegate.swift in Sources */ = {isa = PBXBuildFile; fileRef = 8FD44DEC27A17EC200C900DC /* SceneDelegate.swift */; };
		8FD44DEF27A17EC200C900DC /* SetViewController.swift in Sources */ = {isa = PBXBuildFile; fileRef = 8FD44DEE27A17EC200C900DC /* SetViewController.swift */; };
		8FD44DF227A17EC200C900DC /* Main.storyboard in Resources */ = {isa = PBXBuildFile; fileRef = 8FD44DF027A17EC200C900DC /* Main.storyboard */; };
		8FD44DF427A17EC200C900DC /* Assets.xcassets in Resources */ = {isa = PBXBuildFile; fileRef = 8FD44DF327A17EC200C900DC /* Assets.xcassets */; };
		8FD44DF727A17EC200C900DC /* LaunchScreen.storyboard in Resources */ = {isa = PBXBuildFile; fileRef = 8FD44DF527A17EC200C900DC /* LaunchScreen.storyboard */; };
		8FD44E0027A17EF900C900DC /* Card.swift in Sources */ = {isa = PBXBuildFile; fileRef = 8FD44DFF27A17EF900C900DC /* Card.swift */; };
/* End PBXBuildFile section */

/* Begin PBXFileReference section */
		8FD39A9C27A22C8200B29149 /* SetEngine.swift */ = {isa = PBXFileReference; lastKnownFileType = sourcecode.swift; path = SetEngine.swift; sourceTree = "<group>"; };
		8FD44DE727A17EC200C900DC /* Set_Practice.app */ = {isa = PBXFileReference; explicitFileType = wrapper.application; includeInIndex = 0; path = Set_Practice.app; sourceTree = BUILT_PRODUCTS_DIR; };
		8FD44DEA27A17EC200C900DC /* AppDelegate.swift */ = {isa = PBXFileReference; lastKnownFileType = sourcecode.swift; path = AppDelegate.swift; sourceTree = "<group>"; };
		8FD44DEC27A17EC200C900DC /* SceneDelegate.swift */ = {isa = PBXFileReference; lastKnownFileType = sourcecode.swift; path = SceneDelegate.swift; sourceTree = "<group>"; };
		8FD44DEE27A17EC200C900DC /* SetViewController.swift */ = {isa = PBXFileReference; lastKnownFileType = sourcecode.swift; path = SetViewController.swift; sourceTree = "<group>"; };
		8FD44DF127A17EC200C900DC /* Base */ = {isa = PBXFileReference; lastKnownFileType = file.storyboard; name = Base; path = Base.lproj/Main.storyboard; sourceTree = "<group>"; };
		8FD44DF327A17EC200C900DC /* Assets.xcassets */ = {isa = PBXFileReference; lastKnownFileType = folder.assetcatalog; path = Assets.xcassets; sourceTree = "<group>"; };
		8FD44DF627A17EC200C900DC /* Base */ = {isa = PBXFileReference; lastKnownFileType = file.storyboard; name = Base; path = Base.lproj/LaunchScreen.storyboard; sourceTree = "<group>"; };
		8FD44DF827A17EC200C900DC /* Info.plist */ = {isa = PBXFileReference; lastKnownFileType = text.plist.xml; path = Info.plist; sourceTree = "<group>"; };
		8FD44DFF27A17EF900C900DC /* Card.swift */ = {isa = PBXFileReference; lastKnownFileType = sourcecode.swift; path = Card.swift; sourceTree = "<group>"; };
/* End PBXFileReference section */

/* Begin PBXFrameworksBuildPhase section */
		8FD44DE427A17EC200C900DC /* Frameworks */ = {
			isa = PBXFrameworksBuildPhase;
			buildActionMask = 2147483647;
			files = (
			);
			runOnlyForDeploymentPostprocessing = 0;
		};
/* End PBXFrameworksBuildPhase section */

/* Begin PBXGroup section */
		8FD44DDE27A17EC200C900DC = {
			isa = PBXGroup;
			children = (
				8FD44DE927A17EC200C900DC /* Set_Practice */,
				8FD44DE827A17EC200C900DC /* Products */,
			);
			sourceTree = "<group>";
		};
		8FD44DE827A17EC200C900DC /* Products */ = {
			isa = PBXGroup;
			children = (
				8FD44DE727A17EC200C900DC /* Set_Practice.app */,
			);
			name = Products;
			sourceTree = "<group>";
		};
		8FD44DE927A17EC200C900DC /* Set_Practice */ = {
			isa = PBXGroup;
			children = (
				8FD44DFE27A17ED700C900DC /* Supporting Files */,
				8FD44DEE27A17EC200C900DC /* SetViewController.swift */,
				8FD44DFF27A17EF900C900DC /* Card.swift */,
				8FD39A9C27A22C8200B29149 /* SetEngine.swift */,
				8FD44DF027A17EC200C900DC /* Main.storyboard */,
				8FD44DF327A17EC200C900DC /* Assets.xcassets */,
				8FD44DF827A17EC200C900DC /* Info.plist */,
			);
			path = Set_Practice;
			sourceTree = "<group>";
		};
		8FD44DFE27A17ED700C900DC /* Supporting Files */ = {
			isa = PBXGroup;
			children = (
				8FD44DEA27A17EC200C900DC /* AppDelegate.swift */,
				8FD44DEC27A17EC200C900DC /* SceneDelegate.swift */,
				8FD44DF527A17EC200C900DC /* LaunchScreen.storyboard */,
			);
			path = "Supporting Files";
			sourceTree = "<group>";
		};
/* End PBXGroup section */

/* Begin PBXNativeTarget section */
		8FD44DE627A17EC200C900DC /* Set_Practice */ = {
			isa = PBXNativeTarget;
			buildConfigurationList = 8FD44DFB27A17EC200C900DC /* Build configuration list for PBXNativeTarget "Set_Practice" */;
			buildPhases = (
				8FD44DE327A17EC200C900DC /* Sources */,
				8FD44DE427A17EC200C900DC /* Frameworks */,
				8FD44DE527A17EC200C900DC /* Resources */,
			);
			buildRules = (
			);
			dependencies = (
			);
			name = Set_Practice;
			productName = Set_Practice;
			productReference = 8FD44DE727A17EC200C900DC /* Set_Practice.app */;
			productType = "com.apple.product-type.application";
		};
/* End PBXNativeTarget section */

/* Begin PBXProject section */
		8FD44DDF27A17EC200C900DC /* Project object */ = {
			isa = PBXProject;
			attributes = {
				BuildIndependentTargetsInParallel = 1;
				LastSwiftUpdateCheck = 1320;
				LastUpgradeCheck = 1320;
				TargetAttributes = {
					8FD44DE627A17EC200C900DC = {
						CreatedOnToolsVersion = 13.2.1;
					};
				};
			};
			buildConfigurationList = 8FD44DE227A17EC200C900DC /* Build configuration list for PBXProject "Set_Practice" */;
			compatibilityVersion = "Xcode 13.0";
			developmentRegion = en;
			hasScannedForEncodings = 0;
			knownRegions = (
				en,
				Base,
			);
			mainGroup = 8FD44DDE27A17EC200C900DC;
			productRefGroup = 8FD44DE827A17EC200C900DC /* Products */;
			projectDirPath = "";
			projectRoot = "";
			targets = (
				8FD44DE627A17EC200C900DC /* Set_Practice */,
			);
		};
/* End PBXProject section */

/* Begin PBXResourcesBuildPhase section */
		8FD44DE527A17EC200C900DC /* Resources */ = {
			isa = PBXResourcesBuildPhase;
			buildActionMask = 2147483647;
			files = (
				8FD44DF727A17EC200C900DC /* LaunchScreen.storyboard in Resources */,
				8FD44DF427A17EC200C900DC /* Assets.xcassets in Resources */,
				8FD44DF227A17EC200C900DC /* Main.storyboard in Resources */,
			);
			runOnlyForDeploymentPostprocessing = 0;
		};
/* End PBXResourcesBuildPhase section */

/* Begin PBXSourcesBuildPhase section */
		8FD44DE327A17EC200C900DC /* Sources */ = {
			isa = PBXSourcesBuildPhase;
			buildActionMask = 2147483647;
			files = (
				8FD44DEF27A17EC200C900DC /* SetViewController.swift in Sources */,
				8FD44DEB27A17EC200C900DC /* AppDelegate.swift in Sources */,
				8FD39A9D27A22C8200B29149 /* SetEngine.swift in Sources */,
				8FD44DED27A17EC200C900DC /* SceneDelegate.swift in Sources */,
				8FD44E0027A17EF900C900DC /* Card.swift in Sources */,
			);
			runOnlyForDeploymentPostprocessing = 0;
		};
/* End PBXSourcesBuildPhase section */

/* Begin PBXVariantGroup section */
		8FD44DF027A17EC200C900DC /* Main.storyboard */ = {
			isa = PBXVariantGroup;
			children = (
				8FD44DF127A17EC200C900DC /* Base */,
			);
			name = Main.storyboard;
			sourceTree = "<group>";
		};
		8FD44DF527A17EC200C900DC /* LaunchScreen.storyboard */ = {
			isa = PBXVariantGroup;
			children = (
				8FD44DF627A17EC200C900DC /* Base */,
			);
			name = LaunchScreen.storyboard;
			sourceTree = "<group>";
		};
/* End PBXVariantGroup section */

/* Begin XCBuildConfiguration section */
		8FD44DF927A17EC200C900DC /* Debug */ = {
			isa = XCBuildConfiguration;
			buildSettings = {
				ALWAYS_SEARCH_USER_PATHS = NO;
				CLANG_ANALYZER_NONNULL = YES;
				CLANG_ANALYZER_NUMBER_OBJECT_CONVERSION = YES_AGGRESSIVE;
				CLANG_CXX_LANGUAGE_STANDARD = "gnu++17";
				CLANG_CXX_LIBRARY = "libc++";
				CLANG_ENABLE_MODULES = YES;
				CLANG_ENABLE_OBJC_ARC = YES;
				CLANG_ENABLE_OBJC_WEAK = YES;
				CLANG_WARN_BLOCK_CAPTURE_AUTORELEASING = YES;
				CLANG_WARN_BOOL_CONVERSION = YES;
				CLANG_WARN_COMMA = YES;
				CLANG_WARN_CONSTANT_CONVERSION = YES;
				CLANG_WARN_DEPRECATED_OBJC_IMPLEMENTATIONS = YES;
				CLANG_WARN_DIRECT_OBJC_ISA_USAGE = YES_ERROR;
				CLANG_WARN_DOCUMENTATION_COMMENTS = YES;
				CLANG_WARN_EMPTY_BODY = YES;
				CLANG_WARN_ENUM_CONVERSION = YES;
				CLANG_WARN_INFINITE_RECURSION = YES;
				CLANG_WARN_INT_CONVERSION = YES;
				CLANG_WARN_NON_LITERAL_NULL_CONVERSION = YES;
				CLANG_WARN_OBJC_IMPLICIT_RETAIN_SELF = YES;
				CLANG_WARN_OBJC_LITERAL_CONVERSION = YES;
				CLANG_WARN_OBJC_ROOT_CLASS = YES_ERROR;
				CLANG_WARN_QUOTED_INCLUDE_IN_FRAMEWORK_HEADER = YES;
				CLANG_WARN_RANGE_LOOP_ANALYSIS = YES;
				CLANG_WARN_STRICT_PROTOTYPES = YES;
				CLANG_WARN_SUSPICIOUS_MOVE = YES;
				CLANG_WARN_UNGUARDED_AVAILABILITY = YES_AGGRESSIVE;
				CLANG_WARN_UNREACHABLE_CODE = YES;
				CLANG_WARN__DUPLICATE_METHOD_MATCH = YES;
				COPY_PHASE_STRIP = NO;
				DEBUG_INFORMATION_FORMAT = dwarf;
				ENABLE_STRICT_OBJC_MSGSEND = YES;
				ENABLE_TESTABILITY = YES;
				GCC_C_LANGUAGE_STANDARD = gnu11;
				GCC_DYNAMIC_NO_PIC = NO;
				GCC_NO_COMMON_BLOCKS = YES;
				GCC_OPTIMIZATION_LEVEL = 0;
				GCC_PREPROCESSOR_DEFINITIONS = (
					"DEBUG=1",
					"$(inherited)",
				);
				GCC_WARN_64_TO_32_BIT_CONVERSION = YES;
				GCC_WARN_ABOUT_RETURN_TYPE = YES_ERROR;
				GCC_WARN_UNDECLARED_SELECTOR = YES;
				GCC_WARN_UNINITIALIZED_AUTOS = YES_AGGRESSIVE;
				GCC_WARN_UNUSED_FUNCTION = YES;
				GCC_WARN_UNUSED_VARIABLE = YES;
				IPHONEOS_DEPLOYMENT_TARGET = 15.2;
				MTL_ENABLE_DEBUG_INFO = INCLUDE_SOURCE;
				MTL_FAST_MATH = YES;
				ONLY_ACTIVE_ARCH = YES;
				SDKROOT = iphoneos;
				SWIFT_ACTIVE_COMPILATION_CONDITIONS = DEBUG;
				SWIFT_OPTIMIZATION_LEVEL = "-Onone";
			};
			name = Debug;
		};
		8FD44DFA27A17EC200C900DC /* Release */ = {
			isa = XCBuildConfiguration;
			buildSettings = {
				ALWAYS_SEARCH_USER_PATHS = NO;
				CLANG_ANALYZER_NONNULL = YES;
				CLANG_ANALYZER_NUMBER_OBJECT_CONVERSION = YES_AGGRESSIVE;
				CLANG_CXX_LANGUAGE_STANDARD = "gnu++17";
				CLANG_CXX_LIBRARY = "libc++";
				CLANG_ENABLE_MODULES = YES;
				CLANG_ENABLE_OBJC_ARC = YES;
				CLANG_ENABLE_OBJC_WEAK = YES;
				CLANG_WARN_BLOCK_CAPTURE_AUTORELEASING = YES;
				CLANG_WARN_BOOL_CONVERSION = YES;
				CLANG_WARN_COMMA = YES;
				CLANG_WARN_CONSTANT_CONVERSION = YES;
				CLANG_WARN_DEPRECATED_OBJC_IMPLEMENTATIONS = YES;
				CLANG_WARN_DIRECT_OBJC_ISA_USAGE = YES_ERROR;
				CLANG_WARN_DOCUMENTATION_COMMENTS = YES;
				CLANG_WARN_EMPTY_BODY = YES;
				CLANG_WARN_ENUM_CONVERSION = YES;
				CLANG_WARN_INFINITE_RECURSION = YES;
				CLANG_WARN_INT_CONVERSION = YES;
				CLANG_WARN_NON_LITERAL_NULL_CONVERSION = YES;
				CLANG_WARN_OBJC_IMPLICIT_RETAIN_SELF = YES;
				CLANG_WARN_OBJC_LITERAL_CONVERSION = YES;
				CLANG_WARN_OBJC_ROOT_CLASS = YES_ERROR;
				CLANG_WARN_QUOTED_INCLUDE_IN_FRAMEWORK_HEADER = YES;
				CLANG_WARN_RANGE_LOOP_ANALYSIS = YES;
				CLANG_WARN_STRICT_PROTOTYPES = YES;
				CLANG_WARN_SUSPICIOUS_MOVE = YES;
				CLANG_WARN_UNGUARDED_AVAILABILITY = YES_AGGRESSIVE;
				CLANG_WARN_UNREACHABLE_CODE = YES;
				CLANG_WARN__DUPLICATE_METHOD_MATCH = YES;
				COPY_PHASE_STRIP = NO;
				DEBUG_INFORMATION_FORMAT = "dwarf-with-dsym";
				ENABLE_NS_ASSERTIONS = NO;
				ENABLE_STRICT_OBJC_MSGSEND = YES;
				GCC_C_LANGUAGE_STANDARD = gnu11;
				GCC_NO_COMMON_BLOCKS = YES;
				GCC_WARN_64_TO_32_BIT_CONVERSION = YES;
				GCC_WARN_ABOUT_RETURN_TYPE = YES_ERROR;
				GCC_WARN_UNDECLARED_SELECTOR = YES;
				GCC_WARN_UNINITIALIZED_AUTOS = YES_AGGRESSIVE;
				GCC_WARN_UNUSED_FUNCTION = YES;
				GCC_WARN_UNUSED_VARIABLE = YES;
				IPHONEOS_DEPLOYMENT_TARGET = 15.2;
				MTL_ENABLE_DEBUG_INFO = NO;
				MTL_FAST_MATH = YES;
				SDKROOT = iphoneos;
				SWIFT_COMPILATION_MODE = wholemodule;
				SWIFT_OPTIMIZATION_LEVEL = "-O";
				VALIDATE_PRODUCT = YES;
			};
			name = Release;
		};
		8FD44DFC27A17EC200C900DC /* Debug */ = {
			isa = XCBuildConfiguration;
			buildSettings = {
				ASSETCATALOG_COMPILER_APPICON_NAME = AppIcon;
				ASSETCATALOG_COMPILER_GLOBAL_ACCENT_COLOR_NAME = AccentColor;
				CODE_SIGN_STYLE = Automatic;
				CURRENT_PROJECT_VERSION = 1;
				DEVELOPMENT_TEAM = M334A7Q7C8;
				GENERATE_INFOPLIST_FILE = YES;
				INFOPLIST_FILE = Set_Practice/Info.plist;
				INFOPLIST_KEY_UIApplicationSupportsIndirectInputEvents = YES;
				INFOPLIST_KEY_UILaunchStoryboardName = LaunchScreen;
				INFOPLIST_KEY_UIMainStoryboardFile = Main;
				INFOPLIST_KEY_UISupportedInterfaceOrientations_iPad = "UIInterfaceOrientationPortrait UIInterfaceOrientationPortraitUpsideDown UIInterfaceOrientationLandscapeLeft UIInterfaceOrientationLandscapeRight";
				INFOPLIST_KEY_UISupportedInterfaceOrientations_iPhone = "UIInterfaceOrientationPortrait UIInterfaceOrientationLandscapeLeft UIInterfaceOrientationLandscapeRight";
				LD_RUNPATH_SEARCH_PATHS = (
					"$(inherited)",
					"@executable_path/Frameworks",
				);
				MARKETING_VERSION = 1.0;
				PRODUCT_BUNDLE_IDENTIFIER = "edu.stanford.cs193p.lecture.Set-Practice";
				PRODUCT_NAME = "$(TARGET_NAME)";
				SWIFT_EMIT_LOC_STRINGS = YES;
				SWIFT_VERSION = 5.0;
				TARGETED_DEVICE_FAMILY = "1,2";
			};
			name = Debug;
		};
		8FD44DFD27A17EC200C900DC /* Release */ = {
			isa = XCBuildConfiguration;
			buildSettings = {
				ASSETCATALOG_COMPILER_APPICON_NAME = AppIcon;
				ASSETCATALOG_COMPILER_GLOBAL_ACCENT_COLOR_NAME = AccentColor;
				CODE_SIGN_STYLE = Automatic;
				CURRENT_PROJECT_VERSION = 1;
				DEVELOPMENT_TEAM = M334A7Q7C8;
				GENERATE_INFOPLIST_FILE = YES;
				INFOPLIST_FILE = Set_Practice/Info.plist;
				INFOPLIST_KEY_UIApplicationSupportsIndirectInputEvents = YES;
				INFOPLIST_KEY_UILaunchStoryboardName = LaunchScreen;
				INFOPLIST_KEY_UIMainStoryboardFile = Main;
				INFOPLIST_KEY_UISupportedInterfaceOrientations_iPad = "UIInterfaceOrientationPortrait UIInterfaceOrientationPortraitUpsideDown UIInterfaceOrientationLandscapeLeft UIInterfaceOrientationLandscapeRight";
				INFOPLIST_KEY_UISupportedInterfaceOrientations_iPhone = "UIInterfaceOrientationPortrait UIInterfaceOrientationLandscapeLeft UIInterfaceOrientationLandscapeRight";
				LD_RUNPATH_SEARCH_PATHS = (
					"$(inherited)",
					"@executable_path/Frameworks",
				);
				MARKETING_VERSION = 1.0;
				PRODUCT_BUNDLE_IDENTIFIER = "edu.stanford.cs193p.lecture.Set-Practice";
				PRODUCT_NAME = "$(TARGET_NAME)";
				SWIFT_EMIT_LOC_STRINGS = YES;
				SWIFT_VERSION = 5.0;
				TARGETED_DEVICE_FAMILY = "1,2";
			};
			name = Release;
		};
/* End XCBuildConfiguration section */

/* Begin XCConfigurationList section */
		8FD44DE227A17EC200C900DC /* Build configuration list for PBXProject "Set_Practice" */ = {
			isa = XCConfigurationList;
			buildConfigurations = (
				8FD44DF927A17EC200C900DC /* Debug */,
				8FD44DFA27A17EC200C900DC /* Release */,
			);
			defaultConfigurationIsVisible = 0;
			defaultConfigurationName = Release;
		};
		8FD44DFB27A17EC200C900DC /* Build configuration list for PBXNativeTarget "Set_Practice" */ = {
			isa = XCConfigurationList;
			buildConfigurations = (
				8FD44DFC27A17EC200C900DC /* Debug */,
				8FD44DFD27A17EC200C900DC /* Release */,
			);
			defaultConfigurationIsVisible = 0;
			defaultConfigurationName = Release;
		};
/* End XCConfigurationList section */
	};
	rootObject = 8FD44DDF27A17EC200C900DC /* Project object */;
}
