// !$*UTF8*$!
{
	archiveVersion = 1;
	classes = {
	};
	objectVersion = 55;
	objects = {

/* Begin PBXBuildFile section */
		8F050EB127A0C8BE00DC9C66 /* AppDelegate.swift in Sources */ = {isa = PBXBuildFile; fileRef = 8F050EB027A0C8BE00DC9C66 /* AppDelegate.swift */; };
		8F050EB327A0C8BE00DC9C66 /* SceneDelegate.swift in Sources */ = {isa = PBXBuildFile; fileRef = 8F050EB227A0C8BE00DC9C66 /* SceneDelegate.swift */; };
		8F050EB527A0C8BE00DC9C66 /* ViewController.swift in Sources */ = {isa = PBXBuildFile; fileRef = 8F050EB427A0C8BE00DC9C66 /* ViewController.swift */; };
		8F050EB827A0C8BE00DC9C66 /* Main.storyboard in Resources */ = {isa = PBXBuildFile; fileRef = 8F050EB627A0C8BE00DC9C66 /* Main.storyboard */; };
		8F050EBA27A0C8BE00DC9C66 /* Assets.xcassets in Resources */ = {isa = PBXBuildFile; fileRef = 8F050EB927A0C8BE00DC9C66 /* Assets.xcassets */; };
		8F050EBD27A0C8BF00DC9C66 /* LaunchScreen.storyboard in Resources */ = {isa = PBXBuildFile; fileRef = 8F050EBB27A0C8BF00DC9C66 /* LaunchScreen.storyboard */; };
		8F050EC927A0CA6900DC9C66 /* PlayingCard.swift in Sources */ = {isa = PBXBuildFile; fileRef = 8F050EC827A0CA6900DC9C66 /* PlayingCard.swift */; };
		8F050ECB27A0CB3900DC9C66 /* PlayingCardDeck.swift in Sources */ = {isa = PBXBuildFile; fileRef = 8F050ECA27A0CB3900DC9C66 /* PlayingCardDeck.swift */; };
		8F050ECD27A0CC4C00DC9C66 /* PlayingCardView.swift in Sources */ = {isa = PBXBuildFile; fileRef = 8F050ECC27A0CC4C00DC9C66 /* PlayingCardView.swift */; };
/* End PBXBuildFile section */

/* Begin PBXFileReference section */
		8F050EAD27A0C8BE00DC9C66 /* PlayingCard.app */ = {isa = PBXFileReference; explicitFileType = wrapper.application; includeInIndex = 0; path = PlayingCard.app; sourceTree = BUILT_PRODUCTS_DIR; };
		8F050EB027A0C8BE00DC9C66 /* AppDelegate.swift */ = {isa = PBXFileReference; lastKnownFileType = sourcecode.swift; path = AppDelegate.swift; sourceTree = "<group>"; };
		8F050EB227A0C8BE00DC9C66 /* SceneDelegate.swift */ = {isa = PBXFileReference; lastKnownFileType = sourcecode.swift; path = SceneDelegate.swift; sourceTree = "<group>"; };
		8F050EB427A0C8BE00DC9C66 /* ViewController.swift */ = {isa = PBXFileReference; lastKnownFileType = sourcecode.swift; path = ViewController.swift; sourceTree = "<group>"; };
		8F050EB727A0C8BE00DC9C66 /* Base */ = {isa = PBXFileReference; lastKnownFileType = file.storyboard; name = Base; path = Base.lproj/Main.storyboard; sourceTree = "<group>"; };
		8F050EB927A0C8BE00DC9C66 /* Assets.xcassets */ = {isa = PBXFileReference; lastKnownFileType = folder.assetcatalog; path = Assets.xcassets; sourceTree = "<group>"; };
		8F050EBC27A0C8BF00DC9C66 /* Base */ = {isa = PBXFileReference; lastKnownFileType = file.storyboard; name = Base; path = Base.lproj/LaunchScreen.storyboard; sourceTree = "<group>"; };
		8F050EBE27A0C8BF00DC9C66 /* Info.plist */ = {isa = PBXFileReference; lastKnownFileType = text.plist.xml; path = Info.plist; sourceTree = "<group>"; };
		8F050EC827A0CA6900DC9C66 /* PlayingCard.swift */ = {isa = PBXFileReference; lastKnownFileType = sourcecode.swift; path = PlayingCard.swift; sourceTree = "<group>"; };
		8F050ECA27A0CB3900DC9C66 /* PlayingCardDeck.swift */ = {isa = PBXFileReference; lastKnownFileType = sourcecode.swift; path = PlayingCardDeck.swift; sourceTree = "<group>"; };
		8F050ECC27A0CC4C00DC9C66 /* PlayingCardView.swift */ = {isa = PBXFileReference; lastKnownFileType = sourcecode.swift; path = PlayingCardView.swift; sourceTree = "<group>"; };
/* End PBXFileReference section */

/* Begin PBXFrameworksBuildPhase section */
		8F050EAA27A0C8BE00DC9C66 /* Frameworks */ = {
			isa = PBXFrameworksBuildPhase;
			buildActionMask = 2147483647;
			files = (
			);
			runOnlyForDeploymentPostprocessing = 0;
		};
/* End PBXFrameworksBuildPhase section */

/* Begin PBXGroup section */
		8F050EA427A0C8BE00DC9C66 = {
			isa = PBXGroup;
			children = (
				8F050EAF27A0C8BE00DC9C66 /* PlayingCard */,
				8F050EAE27A0C8BE00DC9C66 /* Products */,
			);
			sourceTree = "<group>";
		};
		8F050EAE27A0C8BE00DC9C66 /* Products */ = {
			isa = PBXGroup;
			children = (
				8F050EAD27A0C8BE00DC9C66 /* PlayingCard.app */,
			);
			name = Products;
			sourceTree = "<group>";
		};
		8F050EAF27A0C8BE00DC9C66 /* PlayingCard */ = {
			isa = PBXGroup;
			children = (
				8F050EC527A0C90600DC9C66 /* Supporting Files */,
				8F050EB427A0C8BE00DC9C66 /* ViewController.swift */,
				8F050ECC27A0CC4C00DC9C66 /* PlayingCardView.swift */,
				8F050EB627A0C8BE00DC9C66 /* Main.storyboard */,
				8F050EC827A0CA6900DC9C66 /* PlayingCard.swift */,
				8F050ECA27A0CB3900DC9C66 /* PlayingCardDeck.swift */,
				8F050EB927A0C8BE00DC9C66 /* Assets.xcassets */,
				8F050EBE27A0C8BF00DC9C66 /* Info.plist */,
			);
			path = PlayingCard;
			sourceTree = "<group>";
		};
		8F050EC527A0C90600DC9C66 /* Supporting Files */ = {
			isa = PBXGroup;
			children = (
				8F050EBB27A0C8BF00DC9C66 /* LaunchScreen.storyboard */,
				8F050EB027A0C8BE00DC9C66 /* AppDelegate.swift */,
				8F050EB227A0C8BE00DC9C66 /* SceneDelegate.swift */,
			);
			path = "Supporting Files";
			sourceTree = "<group>";
		};
/* End PBXGroup section */

/* Begin PBXNativeTarget section */
		8F050EAC27A0C8BE00DC9C66 /* PlayingCard */ = {
			isa = PBXNativeTarget;
			buildConfigurationList = 8F050EC127A0C8BF00DC9C66 /* Build configuration list for PBXNativeTarget "PlayingCard" */;
			buildPhases = (
				8F050EA927A0C8BE00DC9C66 /* Sources */,
				8F050EAA27A0C8BE00DC9C66 /* Frameworks */,
				8F050EAB27A0C8BE00DC9C66 /* Resources */,
			);
			buildRules = (
			);
			dependencies = (
			);
			name = PlayingCard;
			productName = PlayingCard;
			productReference = 8F050EAD27A0C8BE00DC9C66 /* PlayingCard.app */;
			productType = "com.apple.product-type.application";
		};
/* End PBXNativeTarget section */

/* Begin PBXProject section */
		8F050EA527A0C8BE00DC9C66 /* Project object */ = {
			isa = PBXProject;
			attributes = {
				BuildIndependentTargetsInParallel = 1;
				LastSwiftUpdateCheck = 1320;
				LastUpgradeCheck = 1320;
				TargetAttributes = {
					8F050EAC27A0C8BE00DC9C66 = {
						CreatedOnToolsVersion = 13.2.1;
					};
				};
			};
			buildConfigurationList = 8F050EA827A0C8BE00DC9C66 /* Build configuration list for PBXProject "PlayingCard" */;
			compatibilityVersion = "Xcode 13.0";
			developmentRegion = en;
			hasScannedForEncodings = 0;
			knownRegions = (
				en,
				Base,
			);
			mainGroup = 8F050EA427A0C8BE00DC9C66;
			productRefGroup = 8F050EAE27A0C8BE00DC9C66 /* Products */;
			projectDirPath = "";
			projectRoot = "";
			targets = (
				8F050EAC27A0C8BE00DC9C66 /* PlayingCard */,
			);
		};
/* End PBXProject section */

/* Begin PBXResourcesBuildPhase section */
		8F050EAB27A0C8BE00DC9C66 /* Resources */ = {
			isa = PBXResourcesBuildPhase;
			buildActionMask = 2147483647;
			files = (
				8F050EBD27A0C8BF00DC9C66 /* LaunchScreen.storyboard in Resources */,
				8F050EBA27A0C8BE00DC9C66 /* Assets.xcassets in Resources */,
				8F050EB827A0C8BE00DC9C66 /* Main.storyboard in Resources */,
			);
			runOnlyForDeploymentPostprocessing = 0;
		};
/* End PBXResourcesBuildPhase section */

/* Begin PBXSourcesBuildPhase section */
		8F050EA927A0C8BE00DC9C66 /* Sources */ = {
			isa = PBXSourcesBuildPhase;
			buildActionMask = 2147483647;
			files = (
				8F050EB527A0C8BE00DC9C66 /* ViewController.swift in Sources */,
				8F050ECD27A0CC4C00DC9C66 /* PlayingCardView.swift in Sources */,
				8F050EB127A0C8BE00DC9C66 /* AppDelegate.swift in Sources */,
				8F050ECB27A0CB3900DC9C66 /* PlayingCardDeck.swift in Sources */,
				8F050EC927A0CA6900DC9C66 /* PlayingCard.swift in Sources */,
				8F050EB327A0C8BE00DC9C66 /* SceneDelegate.swift in Sources */,
			);
			runOnlyForDeploymentPostprocessing = 0;
		};
/* End PBXSourcesBuildPhase section */

/* Begin PBXVariantGroup section */
		8F050EB627A0C8BE00DC9C66 /* Main.storyboard */ = {
			isa = PBXVariantGroup;
			children = (
				8F050EB727A0C8BE00DC9C66 /* Base */,
			);
			name = Main.storyboard;
			sourceTree = "<group>";
		};
		8F050EBB27A0C8BF00DC9C66 /* LaunchScreen.storyboard */ = {
			isa = PBXVariantGroup;
			children = (
				8F050EBC27A0C8BF00DC9C66 /* Base */,
			);
			name = LaunchScreen.storyboard;
			sourceTree = "<group>";
		};
/* End PBXVariantGroup section */

/* Begin XCBuildConfiguration section */
		8F050EBF27A0C8BF00DC9C66 /* Debug */ = {
			isa = XCBuildConfiguration;
			buildSettings = {
				ALWAYS_SEARCH_USER_PATHS = NO;
				CLANG_ANALYZER_NONNULL = YES;
				CLANG_ANALYZER_NUMBER_OBJECT_CONVERSION = YES_AGGRESSIVE;
				CLANG_CXX_LANGUAGE_STANDARD = "gnu++17";
				CLANG_CXX_LIBRARY = "libc++";
				CLANG_ENABLE_MODULES = YES;
				CLANG_ENABLE_OBJC_ARC = YES;
				CLANG_ENABLE_OBJC_WEAK = YES;
				CLANG_WARN_BLOCK_CAPTURE_AUTORELEASING = YES;
				CLANG_WARN_BOOL_CONVERSION = YES;
				CLANG_WARN_COMMA = YES;
				CLANG_WARN_CONSTANT_CONVERSION = YES;
				CLANG_WARN_DEPRECATED_OBJC_IMPLEMENTATIONS = YES;
				CLANG_WARN_DIRECT_OBJC_ISA_USAGE = YES_ERROR;
				CLANG_WARN_DOCUMENTATION_COMMENTS = YES;
				CLANG_WARN_EMPTY_BODY = YES;
				CLANG_WARN_ENUM_CONVERSION = YES;
				CLANG_WARN_INFINITE_RECURSION = YES;
				CLANG_WARN_INT_CONVERSION = YES;
				CLANG_WARN_NON_LITERAL_NULL_CONVERSION = YES;
				CLANG_WARN_OBJC_IMPLICIT_RETAIN_SELF = YES;
				CLANG_WARN_OBJC_LITERAL_CONVERSION = YES;
				CLANG_WARN_OBJC_ROOT_CLASS = YES_ERROR;
				CLANG_WARN_QUOTED_INCLUDE_IN_FRAMEWORK_HEADER = YES;
				CLANG_WARN_RANGE_LOOP_ANALYSIS = YES;
				CLANG_WARN_STRICT_PROTOTYPES = YES;
				CLANG_WARN_SUSPICIOUS_MOVE = YES;
				CLANG_WARN_UNGUARDED_AVAILABILITY = YES_AGGRESSIVE;
				CLANG_WARN_UNREACHABLE_CODE = YES;
				CLANG_WARN__DUPLICATE_METHOD_MATCH = YES;
				COPY_PHASE_STRIP = NO;
				DEBUG_INFORMATION_FORMAT = dwarf;
				ENABLE_STRICT_OBJC_MSGSEND = YES;
				ENABLE_TESTABILITY = YES;
				GCC_C_LANGUAGE_STANDARD = gnu11;
				GCC_DYNAMIC_NO_PIC = NO;
				GCC_NO_COMMON_BLOCKS = YES;
				GCC_OPTIMIZATION_LEVEL = 0;
				GCC_PREPROCESSOR_DEFINITIONS = (
					"DEBUG=1",
					"$(inherited)",
				);
				GCC_WARN_64_TO_32_BIT_CONVERSION = YES;
				GCC_WARN_ABOUT_RETURN_TYPE = YES_ERROR;
				GCC_WARN_UNDECLARED_SELECTOR = YES;
				GCC_WARN_UNINITIALIZED_AUTOS = YES_AGGRESSIVE;
				GCC_WARN_UNUSED_FUNCTION = YES;
				GCC_WARN_UNUSED_VARIABLE = YES;
				IPHONEOS_DEPLOYMENT_TARGET = 15.2;
				MTL_ENABLE_DEBUG_INFO = INCLUDE_SOURCE;
				MTL_FAST_MATH = YES;
				ONLY_ACTIVE_ARCH = YES;
				SDKROOT = iphoneos;
				SWIFT_ACTIVE_COMPILATION_CONDITIONS = DEBUG;
				SWIFT_OPTIMIZATION_LEVEL = "-Onone";
			};
			name = Debug;
		};
		8F050EC027A0C8BF00DC9C66 /* Release */ = {
			isa = XCBuildConfiguration;
			buildSettings = {
				ALWAYS_SEARCH_USER_PATHS = NO;
				CLANG_ANALYZER_NONNULL = YES;
				CLANG_ANALYZER_NUMBER_OBJECT_CONVERSION = YES_AGGRESSIVE;
				CLANG_CXX_LANGUAGE_STANDARD = "gnu++17";
				CLANG_CXX_LIBRARY = "libc++";
				CLANG_ENABLE_MODULES = YES;
				CLANG_ENABLE_OBJC_ARC = YES;
				CLANG_ENABLE_OBJC_WEAK = YES;
				CLANG_WARN_BLOCK_CAPTURE_AUTORELEASING = YES;
				CLANG_WARN_BOOL_CONVERSION = YES;
				CLANG_WARN_COMMA = YES;
				CLANG_WARN_CONSTANT_CONVERSION = YES;
				CLANG_WARN_DEPRECATED_OBJC_IMPLEMENTATIONS = YES;
				CLANG_WARN_DIRECT_OBJC_ISA_USAGE = YES_ERROR;
				CLANG_WARN_DOCUMENTATION_COMMENTS = YES;
				CLANG_WARN_EMPTY_BODY = YES;
				CLANG_WARN_ENUM_CONVERSION = YES;
				CLANG_WARN_INFINITE_RECURSION = YES;
				CLANG_WARN_INT_CONVERSION = YES;
				CLANG_WARN_NON_LITERAL_NULL_CONVERSION = YES;
				CLANG_WARN_OBJC_IMPLICIT_RETAIN_SELF = YES;
				CLANG_WARN_OBJC_LITERAL_CONVERSION = YES;
				CLANG_WARN_OBJC_ROOT_CLASS = YES_ERROR;
				CLANG_WARN_QUOTED_INCLUDE_IN_FRAMEWORK_HEADER = YES;
				CLANG_WARN_RANGE_LOOP_ANALYSIS = YES;
				CLANG_WARN_STRICT_PROTOTYPES = YES;
				CLANG_WARN_SUSPICIOUS_MOVE = YES;
				CLANG_WARN_UNGUARDED_AVAILABILITY = YES_AGGRESSIVE;
				CLANG_WARN_UNREACHABLE_CODE = YES;
				CLANG_WARN__DUPLICATE_METHOD_MATCH = YES;
				COPY_PHASE_STRIP = NO;
				DEBUG_INFORMATION_FORMAT = "dwarf-with-dsym";
				ENABLE_NS_ASSERTIONS = NO;
				ENABLE_STRICT_OBJC_MSGSEND = YES;
				GCC_C_LANGUAGE_STANDARD = gnu11;
				GCC_NO_COMMON_BLOCKS = YES;
				GCC_WARN_64_TO_32_BIT_CONVERSION = YES;
				GCC_WARN_ABOUT_RETURN_TYPE = YES_ERROR;
				GCC_WARN_UNDECLARED_SELECTOR = YES;
				GCC_WARN_UNINITIALIZED_AUTOS = YES_AGGRESSIVE;
				GCC_WARN_UNUSED_FUNCTION = YES;
				GCC_WARN_UNUSED_VARIABLE = YES;
				IPHONEOS_DEPLOYMENT_TARGET = 15.2;
				MTL_ENABLE_DEBUG_INFO = NO;
				MTL_FAST_MATH = YES;
				SDKROOT = iphoneos;
				SWIFT_COMPILATION_MODE = wholemodule;
				SWIFT_OPTIMIZATION_LEVEL = "-O";
				VALIDATE_PRODUCT = YES;
			};
			name = Release;
		};
		8F050EC227A0C8BF00DC9C66 /* Debug */ = {
			isa = XCBuildConfiguration;
			buildSettings = {
				ASSETCATALOG_COMPILER_APPICON_NAME = AppIcon;
				ASSETCATALOG_COMPILER_GLOBAL_ACCENT_COLOR_NAME = AccentColor;
				CODE_SIGN_STYLE = Automatic;
				CURRENT_PROJECT_VERSION = 1;
				DEVELOPMENT_TEAM = M334A7Q7C8;
				GENERATE_INFOPLIST_FILE = YES;
				INFOPLIST_FILE = PlayingCard/Info.plist;
				INFOPLIST_KEY_UIApplicationSupportsIndirectInputEvents = YES;
				INFOPLIST_KEY_UILaunchStoryboardName = LaunchScreen;
				INFOPLIST_KEY_UIMainStoryboardFile = Main;
				INFOPLIST_KEY_UISupportedInterfaceOrientations_iPad = "UIInterfaceOrientationPortrait UIInterfaceOrientationPortraitUpsideDown UIInterfaceOrientationLandscapeLeft UIInterfaceOrientationLandscapeRight";
				INFOPLIST_KEY_UISupportedInterfaceOrientations_iPhone = "UIInterfaceOrientationPortrait UIInterfaceOrientationLandscapeLeft UIInterfaceOrientationLandscapeRight";
				LD_RUNPATH_SEARCH_PATHS = (
					"$(inherited)",
					"@executable_path/Frameworks",
				);
				MARKETING_VERSION = 1.0;
				PRODUCT_BUNDLE_IDENTIFIER = edu.stanford.cs193p.lecture.PlayingCard;
				PRODUCT_NAME = "$(TARGET_NAME)";
				SWIFT_EMIT_LOC_STRINGS = YES;
				SWIFT_VERSION = 5.0;
				TARGETED_DEVICE_FAMILY = "1,2";
			};
			name = Debug;
		};
		8F050EC327A0C8BF00DC9C66 /* Release */ = {
			isa = XCBuildConfiguration;
			buildSettings = {
				ASSETCATALOG_COMPILER_APPICON_NAME = AppIcon;
				ASSETCATALOG_COMPILER_GLOBAL_ACCENT_COLOR_NAME = AccentColor;
				CODE_SIGN_STYLE = Automatic;
				CURRENT_PROJECT_VERSION = 1;
				DEVELOPMENT_TEAM = M334A7Q7C8;
				GENERATE_INFOPLIST_FILE = YES;
				INFOPLIST_FILE = PlayingCard/Info.plist;
				INFOPLIST_KEY_UIApplicationSupportsIndirectInputEvents = YES;
				INFOPLIST_KEY_UILaunchStoryboardName = LaunchScreen;
				INFOPLIST_KEY_UIMainStoryboardFile = Main;
				INFOPLIST_KEY_UISupportedInterfaceOrientations_iPad = "UIInterfaceOrientationPortrait UIInterfaceOrientationPortraitUpsideDown UIInterfaceOrientationLandscapeLeft UIInterfaceOrientationLandscapeRight";
				INFOPLIST_KEY_UISupportedInterfaceOrientations_iPhone = "UIInterfaceOrientationPortrait UIInterfaceOrientationLandscapeLeft UIInterfaceOrientationLandscapeRight";
				LD_RUNPATH_SEARCH_PATHS = (
					"$(inherited)",
					"@executable_path/Frameworks",
				);
				MARKETING_VERSION = 1.0;
				PRODUCT_BUNDLE_IDENTIFIER = edu.stanford.cs193p.lecture.PlayingCard;
				PRODUCT_NAME = "$(TARGET_NAME)";
				SWIFT_EMIT_LOC_STRINGS = YES;
				SWIFT_VERSION = 5.0;
				TARGETED_DEVICE_FAMILY = "1,2";
			};
			name = Release;
		};
/* End XCBuildConfiguration section */

/* Begin XCConfigurationList section */
		8F050EA827A0C8BE00DC9C66 /* Build configuration list for PBXProject "PlayingCard" */ = {
			isa = XCConfigurationList;
			buildConfigurations = (
				8F050EBF27A0C8BF00DC9C66 /* Debug */,
				8F050EC027A0C8BF00DC9C66 /* Release */,
			);
			defaultConfigurationIsVisible = 0;
			defaultConfigurationName = Release;
		};
		8F050EC127A0C8BF00DC9C66 /* Build configuration list for PBXNativeTarget "PlayingCard" */ = {
			isa = XCConfigurationList;
			buildConfigurations = (
				8F050EC227A0C8BF00DC9C66 /* Debug */,
				8F050EC327A0C8BF00DC9C66 /* Release */,
			);
			defaultConfigurationIsVisible = 0;
			defaultConfigurationName = Release;
		};
/* End XCConfigurationList section */
	};
	rootObject = 8F050EA527A0C8BE00DC9C66 /* Project object */;
}
